
Microsoft Visual Studio Solution File, Format Version 12.00
# Visual Studio Version 17
VisualStudioVersion = 17.14.36623.8
MinimumVisualStudioVersion = 10.0.40219.1
Project("{FAE04EC0-301F-11D3-BF4B-00C04F79EFBC}") = "RentalManagementSystem", "RentalManagementSystem.csproj", "{116CD15E-B1AC-4B2E-8738-D11E33F36B6D}"
EndProject
Global
	GlobalSection(SolutionConfigurationPlatforms) = preSolution
		Debug|Any CPU = Debug|Any CPU
		Release|Any CPU = Release|Any CPU
	EndGlobalSection
	GlobalSection(ProjectConfigurationPlatforms) = postSolution
		{116CD15E-B1AC-4B2E-8738-D11E33F36B6D}.Debug|Any CPU.ActiveCfg = Debug|Any CPU
		{116CD15E-B1AC-4B2E-8738-D11E33F36B6D}.Debug|Any CPU.Build.0 = Debug|Any CPU
		{116CD15E-B1AC-4B2E-8738-D11E33F36B6D}.Release|Any CPU.ActiveCfg = Release|Any CPU
		{116CD15E-B1AC-4B2E-8738-D11E33F36B6D}.Release|Any CPU.Build.0 = Release|Any CPU
	EndGlobalSection
	GlobalSection(SolutionProperties) = preSolution
		HideSolutionNode = FALSE
	EndGlobalSection
	GlobalSection(ExtensibilityGlobals) = postSolution
		SolutionGuid = {3AEEFFB0-82AD-4A51-818E-F403935DB8D7}
	EndGlobalSection
EndGlobal
