
Microsoft Visual Studio Solution File, Format Version 12.00
# Visual Studio Version 17
VisualStudioVersion = 17.14.36623.8 d17.14
MinimumVisualStudioVersion = 10.0.40219.1
Project("{FAE04EC0-301F-11D3-BF4B-00C04F79EFBC}") = "demo", "demo.csproj", "{DCF233B5-FFA7-4B0A-BEC7-8A744512F67C}"
EndProject
Global
	GlobalSection(SolutionConfigurationPlatforms) = preSolution
		Debug|Any CPU = Debug|Any CPU
		Release|Any CPU = Release|Any CPU
	EndGlobalSection
	GlobalSection(ProjectConfigurationPlatforms) = postSolution
		{DCF233B5-FFA7-4B0A-BEC7-8A744512F67C}.Debug|Any CPU.ActiveCfg = Debug|Any CPU
		{DCF233B5-FFA7-4B0A-BEC7-8A744512F67C}.Debug|Any CPU.Build.0 = Debug|Any CPU
		{DCF233B5-FFA7-4B0A-BEC7-8A744512F67C}.Release|Any CPU.ActiveCfg = Release|Any CPU
		{DCF233B5-FFA7-4B0A-BEC7-8A744512F67C}.Release|Any CPU.Build.0 = Release|Any CPU
	EndGlobalSection
	GlobalSection(SolutionProperties) = preSolution
		HideSolutionNode = FALSE
	EndGlobalSection
	GlobalSection(ExtensibilityGlobals) = postSolution
		SolutionGuid = {4EBC4C86-10BE-4C6E-85A9-95A2E72DCA8E}
	EndGlobalSection
EndGlobal
